
Microsoft Visual Studio Solution File, Format Version 12.00
# Visual Studio Version 16
VisualStudioVersion = 16.0.29009.5
MinimumVisualStudioVersion = 10.0.40219.1
Project("{FAE04EC0-301F-11D3-BF4B-00C04F79EFBC}") = "Task94", "Task94\Task94.csproj", "{2A6EAC73-5CAE-4489-AEF9-2997CC412930}"
EndProject
Global
	GlobalSection(SolutionConfigurationPlatforms) = preSolution
		Debug|Any CPU = Debug|Any CPU
		Release|Any CPU = Release|Any CPU
	EndGlobalSection
	GlobalSection(ProjectConfigurationPlatforms) = postSolution
		{2A6EAC73-5CAE-4489-AEF9-2997CC412930}.Debug|Any CPU.ActiveCfg = Debug|Any CPU
		{2A6EAC73-5CAE-4489-AEF9-2997CC412930}.Debug|Any CPU.Build.0 = Debug|Any CPU
		{2A6EAC73-5CAE-4489-AEF9-2997CC412930}.Release|Any CPU.ActiveCfg = Release|Any CPU
		{2A6EAC73-5CAE-4489-AEF9-2997CC412930}.Release|Any CPU.Build.0 = Release|Any CPU
	EndGlobalSection
	GlobalSection(SolutionProperties) = preSolution
		HideSolutionNode = FALSE
	EndGlobalSection
	GlobalSection(ExtensibilityGlobals) = postSolution
		SolutionGuid = {EE14CB51-CDDE-4155-B080-234DD38B42D7}
	EndGlobalSection
EndGlobal
