
Microsoft Visual Studio Solution File, Format Version 12.00
# Visual Studio Version 16
VisualStudioVersion = 16.0.29009.5
MinimumVisualStudioVersion = 10.0.40219.1
Project("{FAE04EC0-301F-11D3-BF4B-00C04F79EFBC}") = "Task96", "Task96\Task96.csproj", "{86D43F1E-DF72-4A20-B708-DCB5923A5B53}"
EndProject
Global
	GlobalSection(SolutionConfigurationPlatforms) = preSolution
		Debug|Any CPU = Debug|Any CPU
		Release|Any CPU = Release|Any CPU
	EndGlobalSection
	GlobalSection(ProjectConfigurationPlatforms) = postSolution
		{86D43F1E-DF72-4A20-B708-DCB5923A5B53}.Debug|Any CPU.ActiveCfg = Debug|Any CPU
		{86D43F1E-DF72-4A20-B708-DCB5923A5B53}.Debug|Any CPU.Build.0 = Debug|Any CPU
		{86D43F1E-DF72-4A20-B708-DCB5923A5B53}.Release|Any CPU.ActiveCfg = Release|Any CPU
		{86D43F1E-DF72-4A20-B708-DCB5923A5B53}.Release|Any CPU.Build.0 = Release|Any CPU
	EndGlobalSection
	GlobalSection(SolutionProperties) = preSolution
		HideSolutionNode = FALSE
	EndGlobalSection
	GlobalSection(ExtensibilityGlobals) = postSolution
		SolutionGuid = {C17CC991-3ADB-49DD-A52E-9947064A75C2}
	EndGlobalSection
EndGlobal
